
Microsoft Visual Studio Solution File, Format Version 12.00
# Visual Studio Version 17
VisualStudioVersion = 17.0.31912.275
MinimumVisualStudioVersion = 10.0.40219.1
Project("{9A19103F-16F7-4668-BE54-9A1E7A4F7556}") = "Shared", "Shared\Shared.csproj", "{FF85F59D-BE70-438E-9A69-5CE7E50B2E0E}"
EndProject
Project("{9A19103F-16F7-4668-BE54-9A1E7A4F7556}") = "Shared.DomainDrivenDesign", "Shared.DomainDrivenDesign\Shared.DomainDrivenDesign.csproj", "{86E66E1F-9228-4561-99F7-EBEB3293E686}"
EndProject
Project("{2150E333-8FDC-42A3-9474-1A3956D46DE8}") = "src", "src", "{1B484B1C-212E-4CF5-B666-213E9546E11C}"
EndProject
Project("{2150E333-8FDC-42A3-9474-1A3956D46DE8}") = "test", "test", "{C641A0E0-A26E-4B16-89E2-DD6E33509C6E}"
EndProject
Project("{9A19103F-16F7-4668-BE54-9A1E7A4F7556}") = "Shared.Tests", "Shared.Tests\Shared.Tests.csproj", "{051F583B-DCC3-4F00-BDB2-CD39A957439D}"
EndProject
Project("{9A19103F-16F7-4668-BE54-9A1E7A4F7556}") = "ClientProxyBase", "ClientProxyBase\ClientProxyBase.csproj", "{5656F3EB-2562-42E6-81ED-0AE672D350C1}"
EndProject
Project("{9A19103F-16F7-4668-BE54-9A1E7A4F7556}") = "Shared.EventStore", "Shared.EventStore\Shared.EventStore.csproj", "{F8B12FE9-13DC-413F-A80C-380DBBC81EA0}"
EndProject
Project("{9A19103F-16F7-4668-BE54-9A1E7A4F7556}") = "Shared.IntegrationTesting", "Shared.IntegrationTesting\Shared.IntegrationTesting.csproj", "{E9172C3C-92CE-49A6-9DCA-AD9F0D69B1D1}"
EndProject
Project("{9A19103F-16F7-4668-BE54-9A1E7A4F7556}") = "Driver", "Driver\Driver.csproj", "{C2B49FB2-DC66-44B5-B5C4-8C12C63C22EF}"
EndProject
Project("{9A19103F-16F7-4668-BE54-9A1E7A4F7556}") = "Shared.EventStore.Tests", "Shared.EventStore.Tests\Shared.EventStore.Tests.csproj", "{81AF1FCA-837F-4CEA-9E8E-AD38F510930A}"
EndProject
Project("{9A19103F-16F7-4668-BE54-9A1E7A4F7556}") = "Shared.IntegrationTesting.Tests", "Shared.IntegrationTesting.Tests\Shared.IntegrationTesting.Tests.csproj", "{77D4A6AC-1DEF-4F6D-88C8-35763A1FD9B5}"
EndProject
Project("{2150E333-8FDC-42A3-9474-1A3956D46DE8}") = "Solution Items", "Solution Items", "{2F43E6CC-A4C5-4C18-8674-FF5E2E6C1604}"
	ProjectSection(SolutionItems) = preProject
		.github\workflows\createrelease.yml = .github\workflows\createrelease.yml
		nightlybuild.yml = nightlybuild.yml
		.github\workflows\pullrequest.yml = .github\workflows\pullrequest.yml
		.github\workflows\sonarcloud.yml = .github\workflows\sonarcloud.yml
	EndProjectSection
EndProject
Project("{9A19103F-16F7-4668-BE54-9A1E7A4F7556}") = "Shared.EventStoreContext.Tests", "Shared.EventStoreContext.Tests\Shared.EventStoreContext.Tests.csproj", "{A7909DC1-12F9-42F8-B665-E8A2C63B1481}"
EndProject
Project("{FAE04EC0-301F-11D3-BF4B-00C04F79EFBC}") = "Shared.IntegrationTesting.UnitTests", "Shared.IntegrationTesting.UnitTests\Shared.IntegrationTesting.UnitTests.csproj", "{5E23CBBB-8484-4F7F-81D9-308957783695}"
EndProject
Global
	GlobalSection(SolutionConfigurationPlatforms) = preSolution
		Debug|Any CPU = Debug|Any CPU
		Release|Any CPU = Release|Any CPU
	EndGlobalSection
	GlobalSection(ProjectConfigurationPlatforms) = postSolution
		{FF85F59D-BE70-438E-9A69-5CE7E50B2E0E}.Debug|Any CPU.ActiveCfg = Debug|Any CPU
		{FF85F59D-BE70-438E-9A69-5CE7E50B2E0E}.Debug|Any CPU.Build.0 = Debug|Any CPU
		{FF85F59D-BE70-438E-9A69-5CE7E50B2E0E}.Release|Any CPU.ActiveCfg = Release|Any CPU
		{FF85F59D-BE70-438E-9A69-5CE7E50B2E0E}.Release|Any CPU.Build.0 = Release|Any CPU
		{86E66E1F-9228-4561-99F7-EBEB3293E686}.Debug|Any CPU.ActiveCfg = Debug|Any CPU
		{86E66E1F-9228-4561-99F7-EBEB3293E686}.Debug|Any CPU.Build.0 = Debug|Any CPU
		{86E66E1F-9228-4561-99F7-EBEB3293E686}.Release|Any CPU.ActiveCfg = Release|Any CPU
		{86E66E1F-9228-4561-99F7-EBEB3293E686}.Release|Any CPU.Build.0 = Release|Any CPU
		{051F583B-DCC3-4F00-BDB2-CD39A957439D}.Debug|Any CPU.ActiveCfg = Debug|Any CPU
		{051F583B-DCC3-4F00-BDB2-CD39A957439D}.Debug|Any CPU.Build.0 = Debug|Any CPU
		{051F583B-DCC3-4F00-BDB2-CD39A957439D}.Release|Any CPU.ActiveCfg = Release|Any CPU
		{051F583B-DCC3-4F00-BDB2-CD39A957439D}.Release|Any CPU.Build.0 = Release|Any CPU
		{5656F3EB-2562-42E6-81ED-0AE672D350C1}.Debug|Any CPU.ActiveCfg = Debug|Any CPU
		{5656F3EB-2562-42E6-81ED-0AE672D350C1}.Debug|Any CPU.Build.0 = Debug|Any CPU
		{5656F3EB-2562-42E6-81ED-0AE672D350C1}.Release|Any CPU.ActiveCfg = Release|Any CPU
		{5656F3EB-2562-42E6-81ED-0AE672D350C1}.Release|Any CPU.Build.0 = Release|Any CPU
		{F8B12FE9-13DC-413F-A80C-380DBBC81EA0}.Debug|Any CPU.ActiveCfg = Debug|Any CPU
		{F8B12FE9-13DC-413F-A80C-380DBBC81EA0}.Debug|Any CPU.Build.0 = Debug|Any CPU
		{F8B12FE9-13DC-413F-A80C-380DBBC81EA0}.Release|Any CPU.ActiveCfg = Release|Any CPU
		{F8B12FE9-13DC-413F-A80C-380DBBC81EA0}.Release|Any CPU.Build.0 = Release|Any CPU
		{E9172C3C-92CE-49A6-9DCA-AD9F0D69B1D1}.Debug|Any CPU.ActiveCfg = Debug|Any CPU
		{E9172C3C-92CE-49A6-9DCA-AD9F0D69B1D1}.Debug|Any CPU.Build.0 = Debug|Any CPU
		{E9172C3C-92CE-49A6-9DCA-AD9F0D69B1D1}.Release|Any CPU.ActiveCfg = Release|Any CPU
		{E9172C3C-92CE-49A6-9DCA-AD9F0D69B1D1}.Release|Any CPU.Build.0 = Release|Any CPU
		{C2B49FB2-DC66-44B5-B5C4-8C12C63C22EF}.Debug|Any CPU.ActiveCfg = Debug|Any CPU
		{C2B49FB2-DC66-44B5-B5C4-8C12C63C22EF}.Debug|Any CPU.Build.0 = Debug|Any CPU
		{C2B49FB2-DC66-44B5-B5C4-8C12C63C22EF}.Release|Any CPU.ActiveCfg = Release|Any CPU
		{C2B49FB2-DC66-44B5-B5C4-8C12C63C22EF}.Release|Any CPU.Build.0 = Release|Any CPU
		{81AF1FCA-837F-4CEA-9E8E-AD38F510930A}.Debug|Any CPU.ActiveCfg = Debug|Any CPU
		{81AF1FCA-837F-4CEA-9E8E-AD38F510930A}.Debug|Any CPU.Build.0 = Debug|Any CPU
		{81AF1FCA-837F-4CEA-9E8E-AD38F510930A}.Release|Any CPU.ActiveCfg = Release|Any CPU
		{81AF1FCA-837F-4CEA-9E8E-AD38F510930A}.Release|Any CPU.Build.0 = Release|Any CPU
		{77D4A6AC-1DEF-4F6D-88C8-35763A1FD9B5}.Debug|Any CPU.ActiveCfg = Debug|Any CPU
		{77D4A6AC-1DEF-4F6D-88C8-35763A1FD9B5}.Debug|Any CPU.Build.0 = Debug|Any CPU
		{77D4A6AC-1DEF-4F6D-88C8-35763A1FD9B5}.Release|Any CPU.ActiveCfg = Release|Any CPU
		{77D4A6AC-1DEF-4F6D-88C8-35763A1FD9B5}.Release|Any CPU.Build.0 = Release|Any CPU
		{A7909DC1-12F9-42F8-B665-E8A2C63B1481}.Debug|Any CPU.ActiveCfg = Debug|Any CPU
		{A7909DC1-12F9-42F8-B665-E8A2C63B1481}.Debug|Any CPU.Build.0 = Debug|Any CPU
		{A7909DC1-12F9-42F8-B665-E8A2C63B1481}.Release|Any CPU.ActiveCfg = Release|Any CPU
		{A7909DC1-12F9-42F8-B665-E8A2C63B1481}.Release|Any CPU.Build.0 = Release|Any CPU
		{5E23CBBB-8484-4F7F-81D9-308957783695}.Debug|Any CPU.ActiveCfg = Debug|Any CPU
		{5E23CBBB-8484-4F7F-81D9-308957783695}.Debug|Any CPU.Build.0 = Debug|Any CPU
		{5E23CBBB-8484-4F7F-81D9-308957783695}.Release|Any CPU.ActiveCfg = Release|Any CPU
		{5E23CBBB-8484-4F7F-81D9-308957783695}.Release|Any CPU.Build.0 = Release|Any CPU
	EndGlobalSection
	GlobalSection(SolutionProperties) = preSolution
		HideSolutionNode = FALSE
	EndGlobalSection
	GlobalSection(NestedProjects) = preSolution
		{FF85F59D-BE70-438E-9A69-5CE7E50B2E0E} = {1B484B1C-212E-4CF5-B666-213E9546E11C}
		{86E66E1F-9228-4561-99F7-EBEB3293E686} = {1B484B1C-212E-4CF5-B666-213E9546E11C}
		{051F583B-DCC3-4F00-BDB2-CD39A957439D} = {C641A0E0-A26E-4B16-89E2-DD6E33509C6E}
		{5656F3EB-2562-42E6-81ED-0AE672D350C1} = {1B484B1C-212E-4CF5-B666-213E9546E11C}
		{F8B12FE9-13DC-413F-A80C-380DBBC81EA0} = {1B484B1C-212E-4CF5-B666-213E9546E11C}
		{E9172C3C-92CE-49A6-9DCA-AD9F0D69B1D1} = {1B484B1C-212E-4CF5-B666-213E9546E11C}
		{C2B49FB2-DC66-44B5-B5C4-8C12C63C22EF} = {C641A0E0-A26E-4B16-89E2-DD6E33509C6E}
		{81AF1FCA-837F-4CEA-9E8E-AD38F510930A} = {C641A0E0-A26E-4B16-89E2-DD6E33509C6E}
		{77D4A6AC-1DEF-4F6D-88C8-35763A1FD9B5} = {C641A0E0-A26E-4B16-89E2-DD6E33509C6E}
		{A7909DC1-12F9-42F8-B665-E8A2C63B1481} = {C641A0E0-A26E-4B16-89E2-DD6E33509C6E}
		{5E23CBBB-8484-4F7F-81D9-308957783695} = {C641A0E0-A26E-4B16-89E2-DD6E33509C6E}
	EndGlobalSection
	GlobalSection(ExtensibilityGlobals) = postSolution
		SolutionGuid = {34032CEC-68CD-41EA-8707-D450689AEA46}
	EndGlobalSection
EndGlobal
